
Microsoft Visual Studio Solution File, Format Version 12.00
# Visual Studio 15
VisualStudioVersion = 15.0.27130.2003
MinimumVisualStudioVersion = 10.0.40219.1
Project("{FAE04EC0-301F-11D3-BF4B-00C04F79EFBC}") = "MVVMGmail", "MVVMGmail\MVVMGmail.csproj", "{0A657AC6-C20F-46B7-92C1-DB3518A26780}"
EndProject
Project("{FAE04EC0-301F-11D3-BF4B-00C04F79EFBC}") = "LoginCrediantials", "LoginCrediantials\LoginCrediantials.csproj", "{BCF95E1F-2F59-460B-ACA4-E6862FFBD571}"
EndProject
Project("{FAE04EC0-301F-11D3-BF4B-00C04F79EFBC}") = "EmailViewModel", "EmailViewModel\EmailViewModel.csproj", "{9376CE9E-95C1-4520-8DDE-E8C29EDDE17B}"
EndProject
Global
	GlobalSection(SolutionConfigurationPlatforms) = preSolution
		Debug|Any CPU = Debug|Any CPU
		Release|Any CPU = Release|Any CPU
	EndGlobalSection
	GlobalSection(ProjectConfigurationPlatforms) = postSolution
		{0A657AC6-C20F-46B7-92C1-DB3518A26780}.Debug|Any CPU.ActiveCfg = Debug|Any CPU
		{0A657AC6-C20F-46B7-92C1-DB3518A26780}.Debug|Any CPU.Build.0 = Debug|Any CPU
		{0A657AC6-C20F-46B7-92C1-DB3518A26780}.Release|Any CPU.ActiveCfg = Release|Any CPU
		{0A657AC6-C20F-46B7-92C1-DB3518A26780}.Release|Any CPU.Build.0 = Release|Any CPU
		{BCF95E1F-2F59-460B-ACA4-E6862FFBD571}.Debug|Any CPU.ActiveCfg = Debug|Any CPU
		{BCF95E1F-2F59-460B-ACA4-E6862FFBD571}.Debug|Any CPU.Build.0 = Debug|Any CPU
		{BCF95E1F-2F59-460B-ACA4-E6862FFBD571}.Release|Any CPU.ActiveCfg = Release|Any CPU
		{BCF95E1F-2F59-460B-ACA4-E6862FFBD571}.Release|Any CPU.Build.0 = Release|Any CPU
		{9376CE9E-95C1-4520-8DDE-E8C29EDDE17B}.Debug|Any CPU.ActiveCfg = Debug|Any CPU
		{9376CE9E-95C1-4520-8DDE-E8C29EDDE17B}.Debug|Any CPU.Build.0 = Debug|Any CPU
		{9376CE9E-95C1-4520-8DDE-E8C29EDDE17B}.Release|Any CPU.ActiveCfg = Release|Any CPU
		{9376CE9E-95C1-4520-8DDE-E8C29EDDE17B}.Release|Any CPU.Build.0 = Release|Any CPU
	EndGlobalSection
	GlobalSection(SolutionProperties) = preSolution
		HideSolutionNode = FALSE
	EndGlobalSection
	GlobalSection(ExtensibilityGlobals) = postSolution
		SolutionGuid = {232CFC1D-4C5E-4705-A32C-6F721B234835}
	EndGlobalSection
EndGlobal
